// !$*UTF8*$!
{
	archiveVersion = 1;
	classes = {
	};
	objectVersion = 46;
	objects = {

/* Begin PBXBuildFile section */
		3CF9DC711A13290B007BDE29 /* AppDelegate.swift in Sources */ = {isa = PBXBuildFile; fileRef = 3CF9DC701A13290B007BDE29 /* AppDelegate.swift */; };
		3CF9DC731A13290B007BDE29 /* ViewController.swift in Sources */ = {isa = PBXBuildFile; fileRef = 3CF9DC721A13290B007BDE29 /* ViewController.swift */; };
		3CF9DC761A13290B007BDE29 /* Main.storyboard in Resources */ = {isa = PBXBuildFile; fileRef = 3CF9DC741A13290B007BDE29 /* Main.storyboard */; };
		3CF9DC781A13290B007BDE29 /* Images.xcassets in Resources */ = {isa = PBXBuildFile; fileRef = 3CF9DC771A13290B007BDE29 /* Images.xcassets */; };
		3CF9DC7B1A13290B007BDE29 /* LaunchScreen.xib in Resources */ = {isa = PBXBuildFile; fileRef = 3CF9DC791A13290B007BDE29 /* LaunchScreen.xib */; };
		3CF9DC871A13290B007BDE29 /* PhotoViewerTests.swift in Sources */ = {isa = PBXBuildFile; fileRef = 3CF9DC861A13290B007BDE29 /* PhotoViewerTests.swift */; };
		3CF9DC911A132ABD007BDE29 /* CollectionViewCell.swift in Sources */ = {isa = PBXBuildFile; fileRef = 3CF9DC901A132ABD007BDE29 /* CollectionViewCell.swift */; };
		3CF9DC931A132CCC007BDE29 /* circle.png in Resources */ = {isa = PBXBuildFile; fileRef = 3CF9DC921A132CCC007BDE29 /* circle.png */; };
/* End PBXBuildFile section */

/* Begin PBXContainerItemProxy section */
		3CF9DC811A13290B007BDE29 /* PBXContainerItemProxy */ = {
			isa = PBXContainerItemProxy;
			containerPortal = 3CF9DC631A13290B007BDE29 /* Project object */;
			proxyType = 1;
			remoteGlobalIDString = 3CF9DC6A1A13290B007BDE29;
			remoteInfo = PhotoViewer;
		};
/* End PBXContainerItemProxy section */

/* Begin PBXFileReference section */
		3CF9DC6B1A13290B007BDE29 /* PhotoViewer.app */ = {isa = PBXFileReference; explicitFileType = wrapper.application; includeInIndex = 0; path = PhotoViewer.app; sourceTree = BUILT_PRODUCTS_DIR; };
		3CF9DC6F1A13290B007BDE29 /* Info.plist */ = {isa = PBXFileReference; lastKnownFileType = text.plist.xml; path = Info.plist; sourceTree = "<group>"; };
		3CF9DC701A13290B007BDE29 /* AppDelegate.swift */ = {isa = PBXFileReference; lastKnownFileType = sourcecode.swift; path = AppDelegate.swift; sourceTree = "<group>"; };
		3CF9DC721A13290B007BDE29 /* ViewController.swift */ = {isa = PBXFileReference; lastKnownFileType = sourcecode.swift; path = ViewController.swift; sourceTree = "<group>"; };
		3CF9DC751A13290B007BDE29 /* Base */ = {isa = PBXFileReference; lastKnownFileType = file.storyboard; name = Base; path = Base.lproj/Main.storyboard; sourceTree = "<group>"; };
		3CF9DC771A13290B007BDE29 /* Images.xcassets */ = {isa = PBXFileReference; lastKnownFileType = folder.assetcatalog; path = Images.xcassets; sourceTree = "<group>"; };
		3CF9DC7A1A13290B007BDE29 /* Base */ = {isa = PBXFileReference; lastKnownFileType = file.xib; name = Base; path = Base.lproj/LaunchScreen.xib; sourceTree = "<group>"; };
		3CF9DC801A13290B007BDE29 /* PhotoViewerTests.xctest */ = {isa = PBXFileReference; explicitFileType = wrapper.cfbundle; includeInIndex = 0; path = PhotoViewerTests.xctest; sourceTree = BUILT_PRODUCTS_DIR; };
		3CF9DC851A13290B007BDE29 /* Info.plist */ = {isa = PBXFileReference; lastKnownFileType = text.plist.xml; path = Info.plist; sourceTree = "<group>"; };
		3CF9DC861A13290B007BDE29 /* PhotoViewerTests.swift */ = {isa = PBXFileReference; lastKnownFileType = sourcecode.swift; path = PhotoViewerTests.swift; sourceTree = "<group>"; };
		3CF9DC901A132ABD007BDE29 /* CollectionViewCell.swift */ = {isa = PBXFileReference; fileEncoding = 4; lastKnownFileType = sourcecode.swift; path = CollectionViewCell.swift; sourceTree = "<group>"; };
		3CF9DC921A132CCC007BDE29 /* circle.png */ = {isa = PBXFileReference; lastKnownFileType = image.png; name = circle.png; path = ../../../Downloads/UICollectionView/UICollectionView/circle.png; sourceTree = "<group>"; };
/* End PBXFileReference section */

/* Begin PBXFrameworksBuildPhase section */
		3CF9DC681A13290B007BDE29 /* Frameworks */ = {
			isa = PBXFrameworksBuildPhase;
			buildActionMask = 2147483647;
			files = (
			);
			runOnlyForDeploymentPostprocessing = 0;
		};
		3CF9DC7D1A13290B007BDE29 /* Frameworks */ = {
			isa = PBXFrameworksBuildPhase;
			buildActionMask = 2147483647;
			files = (
			);
			runOnlyForDeploymentPostprocessing = 0;
		};
/* End PBXFrameworksBuildPhase section */

/* Begin PBXGroup section */
		3CF9DC621A13290B007BDE29 = {
			isa = PBXGroup;
			children = (
				3CF9DC6D1A13290B007BDE29 /* PhotoViewer */,
				3CF9DC831A13290B007BDE29 /* PhotoViewerTests */,
				3CF9DC6C1A13290B007BDE29 /* Products */,
			);
			sourceTree = "<group>";
		};
		3CF9DC6C1A13290B007BDE29 /* Products */ = {
			isa = PBXGroup;
			children = (
				3CF9DC6B1A13290B007BDE29 /* PhotoViewer.app */,
				3CF9DC801A13290B007BDE29 /* PhotoViewerTests.xctest */,
			);
			name = Products;
			sourceTree = "<group>";
		};
		3CF9DC6D1A13290B007BDE29 /* PhotoViewer */ = {
			isa = PBXGroup;
			children = (
				3CF9DC921A132CCC007BDE29 /* circle.png */,
				3CF9DC701A13290B007BDE29 /* AppDelegate.swift */,
				3CF9DC721A13290B007BDE29 /* ViewController.swift */,
				3CF9DC741A13290B007BDE29 /* Main.storyboard */,
				3CF9DC771A13290B007BDE29 /* Images.xcassets */,
				3CF9DC791A13290B007BDE29 /* LaunchScreen.xib */,
				3CF9DC6E1A13290B007BDE29 /* Supporting Files */,
				3CF9DC901A132ABD007BDE29 /* CollectionViewCell.swift */,
			);
			path = PhotoViewer;
			sourceTree = "<group>";
		};
		3CF9DC6E1A13290B007BDE29 /* Supporting Files */ = {
			isa = PBXGroup;
			children = (
				3CF9DC6F1A13290B007BDE29 /* Info.plist */,
			);
			name = "Supporting Files";
			sourceTree = "<group>";
		};
		3CF9DC831A13290B007BDE29 /* PhotoViewerTests */ = {
			isa = PBXGroup;
			children = (
				3CF9DC861A13290B007BDE29 /* PhotoViewerTests.swift */,
				3CF9DC841A13290B007BDE29 /* Supporting Files */,
			);
			path = PhotoViewerTests;
			sourceTree = "<group>";
		};
		3CF9DC841A13290B007BDE29 /* Supporting Files */ = {
			isa = PBXGroup;
			children = (
				3CF9DC851A13290B007BDE29 /* Info.plist */,
			);
			name = "Supporting Files";
			sourceTree = "<group>";
		};
/* End PBXGroup section */

/* Begin PBXNativeTarget section */
		3CF9DC6A1A13290B007BDE29 /* PhotoViewer */ = {
			isa = PBXNativeTarget;
			buildConfigurationList = 3CF9DC8A1A13290B007BDE29 /* Build configuration list for PBXNativeTarget "PhotoViewer" */;
			buildPhases = (
				3CF9DC671A13290B007BDE29 /* Sources */,
				3CF9DC681A13290B007BDE29 /* Frameworks */,
				3CF9DC691A13290B007BDE29 /* Resources */,
			);
			buildRules = (
			);
			dependencies = (
			);
			name = PhotoViewer;
			productName = PhotoViewer;
			productReference = 3CF9DC6B1A13290B007BDE29 /* PhotoViewer.app */;
			productType = "com.apple.product-type.application";
		};
		3CF9DC7F1A13290B007BDE29 /* PhotoViewerTests */ = {
			isa = PBXNativeTarget;
			buildConfigurationList = 3CF9DC8D1A13290B007BDE29 /* Build configuration list for PBXNativeTarget "PhotoViewerTests" */;
			buildPhases = (
				3CF9DC7C1A13290B007BDE29 /* Sources */,
				3CF9DC7D1A13290B007BDE29 /* Frameworks */,
				3CF9DC7E1A13290B007BDE29 /* Resources */,
			);
			buildRules = (
			);
			dependencies = (
				3CF9DC821A13290B007BDE29 /* PBXTargetDependency */,
			);
			name = PhotoViewerTests;
			productName = PhotoViewerTests;
			productReference = 3CF9DC801A13290B007BDE29 /* PhotoViewerTests.xctest */;
			productType = "com.apple.product-type.bundle.unit-test";
		};
/* End PBXNativeTarget section */

/* Begin PBXProject section */
		3CF9DC631A13290B007BDE29 /* Project object */ = {
			isa = PBXProject;
			attributes = {
				LastUpgradeCheck = 0610;
				ORGANIZATIONNAME = "Caleb Fidecaro";
				TargetAttributes = {
					3CF9DC6A1A13290B007BDE29 = {
						CreatedOnToolsVersion = 6.1;
					};
					3CF9DC7F1A13290B007BDE29 = {
						CreatedOnToolsVersion = 6.1;
						TestTargetID = 3CF9DC6A1A13290B007BDE29;
					};
				};
			};
			buildConfigurationList = 3CF9DC661A13290B007BDE29 /* Build configuration list for PBXProject "PhotoViewer" */;
			compatibilityVersion = "Xcode 3.2";
			developmentRegion = English;
			hasScannedForEncodings = 0;
			knownRegions = (
				en,
				Base,
			);
			mainGroup = 3CF9DC621A13290B007BDE29;
			productRefGroup = 3CF9DC6C1A13290B007BDE29 /* Products */;
			projectDirPath = "";
			projectRoot = "";
			targets = (
				3CF9DC6A1A13290B007BDE29 /* PhotoViewer */,
				3CF9DC7F1A13290B007BDE29 /* PhotoViewerTests */,
			);
		};
/* End PBXProject section */

/* Begin PBXResourcesBuildPhase section */
		3CF9DC691A13290B007BDE29 /* Resources */ = {
			isa = PBXResourcesBuildPhase;
			buildActionMask = 2147483647;
			files = (
				3CF9DC761A13290B007BDE29 /* Main.storyboard in Resources */,
				3CF9DC7B1A13290B007BDE29 /* LaunchScreen.xib in Resources */,
				3CF9DC781A13290B007BDE29 /* Images.xcassets in Resources */,
				3CF9DC931A132CCC007BDE29 /* circle.png in Resources */,
			);
			runOnlyForDeploymentPostprocessing = 0;
		};
		3CF9DC7E1A13290B007BDE29 /* Resources */ = {
			isa = PBXResourcesBuildPhase;
			buildActionMask = 2147483647;
			files = (
			);
			runOnlyForDeploymentPostprocessing = 0;
		};
/* End PBXResourcesBuildPhase section */

/* Begin PBXSourcesBuildPhase section */
		3CF9DC671A13290B007BDE29 /* Sources */ = {
			isa = PBXSourcesBuildPhase;
			buildActionMask = 2147483647;
			files = (
				3CF9DC731A13290B007BDE29 /* ViewController.swift in Sources */,
				3CF9DC711A13290B007BDE29 /* AppDelegate.swift in Sources */,
				3CF9DC911A132ABD007BDE29 /* CollectionViewCell.swift in Sources */,
			);
			runOnlyForDeploymentPostprocessing = 0;
		};
		3CF9DC7C1A13290B007BDE29 /* Sources */ = {
			isa = PBXSourcesBuildPhase;
			buildActionMask = 2147483647;
			files = (
				3CF9DC871A13290B007BDE29 /* PhotoViewerTests.swift in Sources */,
			);
			runOnlyForDeploymentPostprocessing = 0;
		};
/* End PBXSourcesBuildPhase section */

/* Begin PBXTargetDependency section */
		3CF9DC821A13290B007BDE29 /* PBXTargetDependency */ = {
			isa = PBXTargetDependency;
			target = 3CF9DC6A1A13290B007BDE29 /* PhotoViewer */;
			targetProxy = 3CF9DC811A13290B007BDE29 /* PBXContainerItemProxy */;
		};
/* End PBXTargetDependency section */

/* Begin PBXVariantGroup section */
		3CF9DC741A13290B007BDE29 /* Main.storyboard */ = {
			isa = PBXVariantGroup;
			children = (
				3CF9DC751A13290B007BDE29 /* Base */,
			);
			name = Main.storyboard;
			sourceTree = "<group>";
		};
		3CF9DC791A13290B007BDE29 /* LaunchScreen.xib */ = {
			isa = PBXVariantGroup;
			children = (
				3CF9DC7A1A13290B007BDE29 /* Base */,
			);
			name = LaunchScreen.xib;
			sourceTree = "<group>";
		};
/* End PBXVariantGroup section */

/* Begin XCBuildConfiguration section */
		3CF9DC881A13290B007BDE29 /* Debug */ = {
			isa = XCBuildConfiguration;
			buildSettings = {
				ALWAYS_SEARCH_USER_PATHS = NO;
				CLANG_CXX_LANGUAGE_STANDARD = "gnu++0x";
				CLANG_CXX_LIBRARY = "libc++";
				CLANG_ENABLE_MODULES = YES;
				CLANG_ENABLE_OBJC_ARC = YES;
				CLANG_WARN_BOOL_CONVERSION = YES;
				CLANG_WARN_CONSTANT_CONVERSION = YES;
				CLANG_WARN_DIRECT_OBJC_ISA_USAGE = YES_ERROR;
				CLANG_WARN_EMPTY_BODY = YES;
				CLANG_WARN_ENUM_CONVERSION = YES;
				CLANG_WARN_INT_CONVERSION = YES;
				CLANG_WARN_OBJC_ROOT_CLASS = YES_ERROR;
				CLANG_WARN_UNREACHABLE_CODE = YES;
				CLANG_WARN__DUPLICATE_METHOD_MATCH = YES;
				"CODE_SIGN_IDENTITY[sdk=iphoneos*]" = "iPhone Developer";
				COPY_PHASE_STRIP = NO;
				ENABLE_STRICT_OBJC_MSGSEND = YES;
				GCC_C_LANGUAGE_STANDARD = gnu99;
				GCC_DYNAMIC_NO_PIC = NO;
				GCC_OPTIMIZATION_LEVEL = 0;
				GCC_PREPROCESSOR_DEFINITIONS = (
					"DEBUG=1",
					"$(inherited)",
				);
				GCC_SYMBOLS_PRIVATE_EXTERN = NO;
				GCC_WARN_64_TO_32_BIT_CONVERSION = YES;
				GCC_WARN_ABOUT_RETURN_TYPE = YES_ERROR;
				GCC_WARN_UNDECLARED_SELECTOR = YES;
				GCC_WARN_UNINITIALIZED_AUTOS = YES_AGGRESSIVE;
				GCC_WARN_UNUSED_FUNCTION = YES;
				GCC_WARN_UNUSED_VARIABLE = YES;
				IPHONEOS_DEPLOYMENT_TARGET = 8.1;
				MTL_ENABLE_DEBUG_INFO = YES;
				ONLY_ACTIVE_ARCH = YES;
				SDKROOT = iphoneos;
				SWIFT_OPTIMIZATION_LEVEL = "-Onone";
				TARGETED_DEVICE_FAMILY = "1,2";
			};
			name = Debug;
		};
		3CF9DC891A13290B007BDE29 /* Release */ = {
			isa = XCBuildConfiguration;
			buildSettings = {
				ALWAYS_SEARCH_USER_PATHS = NO;
				CLANG_CXX_LANGUAGE_STANDARD = "gnu++0x";
				CLANG_CXX_LIBRARY = "libc++";
				CLANG_ENABLE_MODULES = YES;
				CLANG_ENABLE_OBJC_ARC = YES;
				CLANG_WARN_BOOL_CONVERSION = YES;
				CLANG_WARN_CONSTANT_CONVERSION = YES;
				CLANG_WARN_DIRECT_OBJC_ISA_USAGE = YES_ERROR;
				CLANG_WARN_EMPTY_BODY = YES;
				CLANG_WARN_ENUM_CONVERSION = YES;
				CLANG_WARN_INT_CONVERSION = YES;
				CLANG_WARN_OBJC_ROOT_CLASS = YES_ERROR;
				CLANG_WARN_UNREACHABLE_CODE = YES;
				CLANG_WARN__DUPLICATE_METHOD_MATCH = YES;
				"CODE_SIGN_IDENTITY[sdk=iphoneos*]" = "iPhone Developer";
				COPY_PHASE_STRIP = YES;
				ENABLE_NS_ASSERTIONS = NO;
				ENABLE_STRICT_OBJC_MSGSEND = YES;
				GCC_C_LANGUAGE_STANDARD = gnu99;
				GCC_WARN_64_TO_32_BIT_CONVERSION = YES;
				GCC_WARN_ABOUT_RETURN_TYPE = YES_ERROR;
				GCC_WARN_UNDECLARED_SELECTOR = YES;
				GCC_WARN_UNINITIALIZED_AUTOS = YES_AGGRESSIVE;
				GCC_WARN_UNUSED_FUNCTION = YES;
				GCC_WARN_UNUSED_VARIABLE = YES;
				IPHONEOS_DEPLOYMENT_TARGET = 8.1;
				MTL_ENABLE_DEBUG_INFO = NO;
				SDKROOT = iphoneos;
				TARGETED_DEVICE_FAMILY = "1,2";
				VALIDATE_PRODUCT = YES;
			};
			name = Release;
		};
		3CF9DC8B1A13290B007BDE29 /* Debug */ = {
			isa = XCBuildConfiguration;
			buildSettings = {
				ASSETCATALOG_COMPILER_APPICON_NAME = AppIcon;
				CODE_SIGN_IDENTITY = "iPhone Developer";
				INFOPLIST_FILE = PhotoViewer/Info.plist;
				LD_RUNPATH_SEARCH_PATHS = "$(inherited) @executable_path/Frameworks";
				PRODUCT_NAME = "$(TARGET_NAME)";
			};
			name = Debug;
		};
		3CF9DC8C1A13290B007BDE29 /* Release */ = {
			isa = XCBuildConfiguration;
			buildSettings = {
				ASSETCATALOG_COMPILER_APPICON_NAME = AppIcon;
				CODE_SIGN_IDENTITY = "iPhone Developer";
				INFOPLIST_FILE = PhotoViewer/Info.plist;
				LD_RUNPATH_SEARCH_PATHS = "$(inherited) @executable_path/Frameworks";
				PRODUCT_NAME = "$(TARGET_NAME)";
			};
			name = Release;
		};
		3CF9DC8E1A13290B007BDE29 /* Debug */ = {
			isa = XCBuildConfiguration;
			buildSettings = {
				BUNDLE_LOADER = "$(TEST_HOST)";
				FRAMEWORK_SEARCH_PATHS = (
					"$(SDKROOT)/Developer/Library/Frameworks",
					"$(inherited)",
				);
				GCC_PREPROCESSOR_DEFINITIONS = (
					"DEBUG=1",
					"$(inherited)",
				);
				INFOPLIST_FILE = PhotoViewerTests/Info.plist;
				LD_RUNPATH_SEARCH_PATHS = "$(inherited) @executable_path/Frameworks @loader_path/Frameworks";
				PRODUCT_NAME = "$(TARGET_NAME)";
				TEST_HOST = "$(BUILT_PRODUCTS_DIR)/PhotoViewer.app/PhotoViewer";
			};
			name = Debug;
		};
		3CF9DC8F1A13290B007BDE29 /* Release */ = {
			isa = XCBuildConfiguration;
			buildSettings = {
				BUNDLE_LOADER = "$(TEST_HOST)";
				FRAMEWORK_SEARCH_PATHS = (
					"$(SDKROOT)/Developer/Library/Frameworks",
					"$(inherited)",
				);
				INFOPLIST_FILE = PhotoViewerTests/Info.plist;
				LD_RUNPATH_SEARCH_PATHS = "$(inherited) @executable_path/Frameworks @loader_path/Frameworks";
				PRODUCT_NAME = "$(TARGET_NAME)";
				TEST_HOST = "$(BUILT_PRODUCTS_DIR)/PhotoViewer.app/PhotoViewer";
			};
			name = Release;
		};
/* End XCBuildConfiguration section */

/* Begin XCConfigurationList section */
		3CF9DC661A13290B007BDE29 /* Build configuration list for PBXProject "PhotoViewer" */ = {
			isa = XCConfigurationList;
			buildConfigurations = (
				3CF9DC881A13290B007BDE29 /* Debug */,
				3CF9DC891A13290B007BDE29 /* Release */,
			);
			defaultConfigurationIsVisible = 0;
			defaultConfigurationName = Release;
		};
		3CF9DC8A1A13290B007BDE29 /* Build configuration list for PBXNativeTarget "PhotoViewer" */ = {
			isa = XCConfigurationList;
			buildConfigurations = (
				3CF9DC8B1A13290B007BDE29 /* Debug */,
				3CF9DC8C1A13290B007BDE29 /* Release */,
			);
			defaultConfigurationIsVisible = 0;
		};
		3CF9DC8D1A13290B007BDE29 /* Build configuration list for PBXNativeTarget "PhotoViewerTests" */ = {
			isa = XCConfigurationList;
			buildConfigurations = (
				3CF9DC8E1A13290B007BDE29 /* Debug */,
				3CF9DC8F1A13290B007BDE29 /* Release */,
			);
			defaultConfigurationIsVisible = 0;
		};
/* End XCConfigurationList section */
	};
	rootObject = 3CF9DC631A13290B007BDE29 /* Project object */;
}
